
Microsoft Visual Studio Solution File, Format Version 12.00
# Visual Studio Version 16
VisualStudioVersion = 16.0.31129.286
MinimumVisualStudioVersion = 10.0.40219.1
Project("{FAE04EC0-301F-11D3-BF4B-00C04F79EFBC}") = "Cms.Core", "Cms.Core\Cms.Core.csproj", "{50A71614-D507-43C6-A60F-AF9DC92C7801}"
EndProject
Project("{FAE04EC0-301F-11D3-BF4B-00C04F79EFBC}") = "Cms.Contracts", "Cms.Contracts\Cms.Contracts.csproj", "{075A9A1A-C0DD-490A-81B3-16546546705B}"
EndProject
Project("{FAE04EC0-301F-11D3-BF4B-00C04F79EFBC}") = "Cms.Orls", "Cms.Orls\Cms.Orls.csproj", "{5CA02E55-36A9-48C4-AE45-7F1260BFD907}"
EndProject
Global
	GlobalSection(SolutionConfigurationPlatforms) = preSolution
		Debug|Any CPU = Debug|Any CPU
		Release|Any CPU = Release|Any CPU
	EndGlobalSection
	GlobalSection(ProjectConfigurationPlatforms) = postSolution
		{50A71614-D507-43C6-A60F-AF9DC92C7801}.Debug|Any CPU.ActiveCfg = Debug|Any CPU
		{50A71614-D507-43C6-A60F-AF9DC92C7801}.Debug|Any CPU.Build.0 = Debug|Any CPU
		{50A71614-D507-43C6-A60F-AF9DC92C7801}.Release|Any CPU.ActiveCfg = Release|Any CPU
		{50A71614-D507-43C6-A60F-AF9DC92C7801}.Release|Any CPU.Build.0 = Release|Any CPU
		{075A9A1A-C0DD-490A-81B3-16546546705B}.Debug|Any CPU.ActiveCfg = Debug|Any CPU
		{075A9A1A-C0DD-490A-81B3-16546546705B}.Debug|Any CPU.Build.0 = Debug|Any CPU
		{075A9A1A-C0DD-490A-81B3-16546546705B}.Release|Any CPU.ActiveCfg = Release|Any CPU
		{075A9A1A-C0DD-490A-81B3-16546546705B}.Release|Any CPU.Build.0 = Release|Any CPU
		{5CA02E55-36A9-48C4-AE45-7F1260BFD907}.Debug|Any CPU.ActiveCfg = Debug|Any CPU
		{5CA02E55-36A9-48C4-AE45-7F1260BFD907}.Debug|Any CPU.Build.0 = Debug|Any CPU
		{5CA02E55-36A9-48C4-AE45-7F1260BFD907}.Release|Any CPU.ActiveCfg = Release|Any CPU
		{5CA02E55-36A9-48C4-AE45-7F1260BFD907}.Release|Any CPU.Build.0 = Release|Any CPU
	EndGlobalSection
	GlobalSection(SolutionProperties) = preSolution
		HideSolutionNode = FALSE
	EndGlobalSection
	GlobalSection(ExtensibilityGlobals) = postSolution
		SolutionGuid = {5DB82B66-021A-44AE-BFBC-295129FAABFE}
	EndGlobalSection
EndGlobal
